// !$*UTF8*$!
{
	archiveVersion = 1;
	classes = {
	};
	objectVersion = 55;
	objects = {

/* Begin PBXBuildFile section */
		705DF840287349F9000648AC /* SearchResults.swift in Sources */ = {isa = PBXBuildFile; fileRef = 705DF83F287349F9000648AC /* SearchResults.swift */; };
		705DF84328734CEA000648AC /* APIService.swift in Sources */ = {isa = PBXBuildFile; fileRef = 705DF84228734CEA000648AC /* APIService.swift */; };
		705DF84528748914000648AC /* SearchPlaceholderView.swift in Sources */ = {isa = PBXBuildFile; fileRef = 705DF84428748914000648AC /* SearchPlaceholderView.swift */; };
		705DF84828748FDC000648AC /* UIAnimatable.swift in Sources */ = {isa = PBXBuildFile; fileRef = 705DF84728748FDC000648AC /* UIAnimatable.swift */; };
		709724E728723D1D00388781 /* Key.swift in Sources */ = {isa = PBXBuildFile; fileRef = 709724E628723D1D00388781 /* Key.swift */; };
		70AC2C19287736DB00A084EE /* TimeSeriesMonthlyAdjusted.swift in Sources */ = {isa = PBXBuildFile; fileRef = 70AC2C18287736DB00A084EE /* TimeSeriesMonthlyAdjusted.swift */; };
		70E7EDF428718B5500350328 /* AppDelegate.swift in Sources */ = {isa = PBXBuildFile; fileRef = 70E7EDF328718B5500350328 /* AppDelegate.swift */; };
		70E7EDF628718B5500350328 /* SceneDelegate.swift in Sources */ = {isa = PBXBuildFile; fileRef = 70E7EDF528718B5500350328 /* SceneDelegate.swift */; };
		70E7EDF828718B5500350328 /* SearchTableViewController.swift in Sources */ = {isa = PBXBuildFile; fileRef = 70E7EDF728718B5500350328 /* SearchTableViewController.swift */; };
		70E7EDFB28718B5500350328 /* Main.storyboard in Resources */ = {isa = PBXBuildFile; fileRef = 70E7EDF928718B5500350328 /* Main.storyboard */; };
		70E7EDFD28718B5900350328 /* Assets.xcassets in Resources */ = {isa = PBXBuildFile; fileRef = 70E7EDFC28718B5900350328 /* Assets.xcassets */; };
		70E7EE0028718B5900350328 /* LaunchScreen.storyboard in Resources */ = {isa = PBXBuildFile; fileRef = 70E7EDFE28718B5900350328 /* LaunchScreen.storyboard */; };
		70E7EE0828718CC300350328 /* Podfile in Resources */ = {isa = PBXBuildFile; fileRef = 70E7EE0728718CC300350328 /* Podfile */; };
		70E7EE0C287196ED00350328 /* SearchTableViewCell.swift in Sources */ = {isa = PBXBuildFile; fileRef = 70E7EE0B287196ED00350328 /* SearchTableViewCell.swift */; };
		99B3451BCD32F3665DA65400 /* Pods_ios_dca_calculator.framework in Frameworks */ = {isa = PBXBuildFile; fileRef = F9561349D6117693FAB441FC /* Pods_ios_dca_calculator.framework */; };
/* End PBXBuildFile section */

/* Begin PBXFileReference section */
		705DF83F287349F9000648AC /* SearchResults.swift */ = {isa = PBXFileReference; lastKnownFileType = sourcecode.swift; path = SearchResults.swift; sourceTree = "<group>"; };
		705DF84228734CEA000648AC /* APIService.swift */ = {isa = PBXFileReference; lastKnownFileType = sourcecode.swift; path = APIService.swift; sourceTree = "<group>"; };
		705DF84428748914000648AC /* SearchPlaceholderView.swift */ = {isa = PBXFileReference; lastKnownFileType = sourcecode.swift; path = SearchPlaceholderView.swift; sourceTree = "<group>"; };
		705DF84728748FDC000648AC /* UIAnimatable.swift */ = {isa = PBXFileReference; lastKnownFileType = sourcecode.swift; path = UIAnimatable.swift; sourceTree = "<group>"; };
		709724E628723D1D00388781 /* Key.swift */ = {isa = PBXFileReference; lastKnownFileType = sourcecode.swift; path = Key.swift; sourceTree = "<group>"; };
		70AC2C18287736DB00A084EE /* TimeSeriesMonthlyAdjusted.swift */ = {isa = PBXFileReference; lastKnownFileType = sourcecode.swift; path = TimeSeriesMonthlyAdjusted.swift; sourceTree = "<group>"; };
		70E7EDF028718B5500350328 /* ios-dca-calculator.app */ = {isa = PBXFileReference; explicitFileType = wrapper.application; includeInIndex = 0; path = "ios-dca-calculator.app"; sourceTree = BUILT_PRODUCTS_DIR; };
		70E7EDF328718B5500350328 /* AppDelegate.swift */ = {isa = PBXFileReference; lastKnownFileType = sourcecode.swift; path = AppDelegate.swift; sourceTree = "<group>"; };
		70E7EDF528718B5500350328 /* SceneDelegate.swift */ = {isa = PBXFileReference; lastKnownFileType = sourcecode.swift; path = SceneDelegate.swift; sourceTree = "<group>"; };
		70E7EDF728718B5500350328 /* SearchTableViewController.swift */ = {isa = PBXFileReference; lastKnownFileType = sourcecode.swift; path = SearchTableViewController.swift; sourceTree = "<group>"; };
		70E7EDFA28718B5500350328 /* Base */ = {isa = PBXFileReference; lastKnownFileType = file.storyboard; name = Base; path = Base.lproj/Main.storyboard; sourceTree = "<group>"; };
		70E7EDFC28718B5900350328 /* Assets.xcassets */ = {isa = PBXFileReference; lastKnownFileType = folder.assetcatalog; path = Assets.xcassets; sourceTree = "<group>"; };
		70E7EDFF28718B5900350328 /* Base */ = {isa = PBXFileReference; lastKnownFileType = file.storyboard; name = Base; path = Base.lproj/LaunchScreen.storyboard; sourceTree = "<group>"; };
		70E7EE0128718B5900350328 /* Info.plist */ = {isa = PBXFileReference; lastKnownFileType = text.plist.xml; path = Info.plist; sourceTree = "<group>"; };
		70E7EE0728718CC300350328 /* Podfile */ = {isa = PBXFileReference; fileEncoding = 4; lastKnownFileType = text; path = Podfile; sourceTree = "<group>"; };
		70E7EE0B287196ED00350328 /* SearchTableViewCell.swift */ = {isa = PBXFileReference; lastKnownFileType = sourcecode.swift; path = SearchTableViewCell.swift; sourceTree = "<group>"; };
		B0175899878C23618412C613 /* Pods-ios-dca-calculator.release.xcconfig */ = {isa = PBXFileReference; includeInIndex = 1; lastKnownFileType = text.xcconfig; name = "Pods-ios-dca-calculator.release.xcconfig"; path = "Target Support Files/Pods-ios-dca-calculator/Pods-ios-dca-calculator.release.xcconfig"; sourceTree = "<group>"; };
		C3ADB2FC4BEC6C92DA70E886 /* Pods-ios-dca-calculator.debug.xcconfig */ = {isa = PBXFileReference; includeInIndex = 1; lastKnownFileType = text.xcconfig; name = "Pods-ios-dca-calculator.debug.xcconfig"; path = "Target Support Files/Pods-ios-dca-calculator/Pods-ios-dca-calculator.debug.xcconfig"; sourceTree = "<group>"; };
		F9561349D6117693FAB441FC /* Pods_ios_dca_calculator.framework */ = {isa = PBXFileReference; explicitFileType = wrapper.framework; includeInIndex = 0; path = Pods_ios_dca_calculator.framework; sourceTree = BUILT_PRODUCTS_DIR; };
/* End PBXFileReference section */

/* Begin PBXFrameworksBuildPhase section */
		70E7EDED28718B5500350328 /* Frameworks */ = {
			isa = PBXFrameworksBuildPhase;
			buildActionMask = 2147483647;
			files = (
				99B3451BCD32F3665DA65400 /* Pods_ios_dca_calculator.framework in Frameworks */,
			);
			runOnlyForDeploymentPostprocessing = 0;
		};
/* End PBXFrameworksBuildPhase section */

/* Begin PBXGroup section */
		0283F7769517A7EF533C8AC8 /* Pods */ = {
			isa = PBXGroup;
			children = (
				C3ADB2FC4BEC6C92DA70E886 /* Pods-ios-dca-calculator.debug.xcconfig */,
				B0175899878C23618412C613 /* Pods-ios-dca-calculator.release.xcconfig */,
			);
			path = Pods;
			sourceTree = "<group>";
		};
		705DF84128734CDB000648AC /* Service */ = {
			isa = PBXGroup;
			children = (
				705DF84228734CEA000648AC /* APIService.swift */,
			);
			path = Service;
			sourceTree = "<group>";
		};
		705DF84628748F6D000648AC /* Protocol */ = {
			isa = PBXGroup;
			children = (
				705DF84728748FDC000648AC /* UIAnimatable.swift */,
			);
			path = Protocol;
			sourceTree = "<group>";
		};
		709724E528723D0B00388781 /* Model */ = {
			isa = PBXGroup;
			children = (
				709724E628723D1D00388781 /* Key.swift */,
				705DF83F287349F9000648AC /* SearchResults.swift */,
				70AC2C18287736DB00A084EE /* TimeSeriesMonthlyAdjusted.swift */,
			);
			path = Model;
			sourceTree = "<group>";
		};
		70E7EDE728718B5500350328 = {
			isa = PBXGroup;
			children = (
				70E7EE0728718CC300350328 /* Podfile */,
				70E7EDF228718B5500350328 /* ios-dca-calculator */,
				70E7EDF128718B5500350328 /* Products */,
				0283F7769517A7EF533C8AC8 /* Pods */,
				D09B7BE766F5BC0D6F3CA1F5 /* Frameworks */,
			);
			sourceTree = "<group>";
		};
		70E7EDF128718B5500350328 /* Products */ = {
			isa = PBXGroup;
			children = (
				70E7EDF028718B5500350328 /* ios-dca-calculator.app */,
			);
			name = Products;
			sourceTree = "<group>";
		};
		70E7EDF228718B5500350328 /* ios-dca-calculator */ = {
			isa = PBXGroup;
			children = (
				705DF84628748F6D000648AC /* Protocol */,
				705DF84128734CDB000648AC /* Service */,
				709724E528723D0B00388781 /* Model */,
				70E7EE0A287196D200350328 /* View */,
				70E7EE09287196CC00350328 /* Controller */,
				70E7EDF328718B5500350328 /* AppDelegate.swift */,
				70E7EDF528718B5500350328 /* SceneDelegate.swift */,
				70E7EDF928718B5500350328 /* Main.storyboard */,
				70E7EDFC28718B5900350328 /* Assets.xcassets */,
				70E7EDFE28718B5900350328 /* LaunchScreen.storyboard */,
				70E7EE0128718B5900350328 /* Info.plist */,
			);
			path = "ios-dca-calculator";
			sourceTree = "<group>";
		};
		70E7EE09287196CC00350328 /* Controller */ = {
			isa = PBXGroup;
			children = (
				70E7EDF728718B5500350328 /* SearchTableViewController.swift */,
			);
			path = Controller;
			sourceTree = "<group>";
		};
		70E7EE0A287196D200350328 /* View */ = {
			isa = PBXGroup;
			children = (
				70E7EE0B287196ED00350328 /* SearchTableViewCell.swift */,
				705DF84428748914000648AC /* SearchPlaceholderView.swift */,
			);
			path = View;
			sourceTree = "<group>";
		};
		D09B7BE766F5BC0D6F3CA1F5 /* Frameworks */ = {
			isa = PBXGroup;
			children = (
				F9561349D6117693FAB441FC /* Pods_ios_dca_calculator.framework */,
			);
			name = Frameworks;
			sourceTree = "<group>";
		};
/* End PBXGroup section */

/* Begin PBXNativeTarget section */
		70E7EDEF28718B5500350328 /* ios-dca-calculator */ = {
			isa = PBXNativeTarget;
			buildConfigurationList = 70E7EE0428718B5900350328 /* Build configuration list for PBXNativeTarget "ios-dca-calculator" */;
			buildPhases = (
				A0F2D566A59102663BABC85B /* [CP] Check Pods Manifest.lock */,
				70E7EDEC28718B5500350328 /* Sources */,
				70E7EDED28718B5500350328 /* Frameworks */,
				70E7EDEE28718B5500350328 /* Resources */,
				171845B7D7FCB1A9F6BEFD59 /* [CP] Embed Pods Frameworks */,
			);
			buildRules = (
			);
			dependencies = (
			);
			name = "ios-dca-calculator";
			productName = "ios-dca-calculator";
			productReference = 70E7EDF028718B5500350328 /* ios-dca-calculator.app */;
			productType = "com.apple.product-type.application";
		};
/* End PBXNativeTarget section */

/* Begin PBXProject section */
		70E7EDE828718B5500350328 /* Project object */ = {
			isa = PBXProject;
			attributes = {
				BuildIndependentTargetsInParallel = 1;
				LastSwiftUpdateCheck = 1320;
				LastUpgradeCheck = 1320;
				TargetAttributes = {
					70E7EDEF28718B5500350328 = {
						CreatedOnToolsVersion = 13.2.1;
					};
				};
			};
			buildConfigurationList = 70E7EDEB28718B5500350328 /* Build configuration list for PBXProject "ios-dca-calculator" */;
			compatibilityVersion = "Xcode 13.0";
			developmentRegion = en;
			hasScannedForEncodings = 0;
			knownRegions = (
				en,
				Base,
			);
			mainGroup = 70E7EDE728718B5500350328;
			productRefGroup = 70E7EDF128718B5500350328 /* Products */;
			projectDirPath = "";
			projectRoot = "";
			targets = (
				70E7EDEF28718B5500350328 /* ios-dca-calculator */,
			);
		};
/* End PBXProject section */

/* Begin PBXResourcesBuildPhase section */
		70E7EDEE28718B5500350328 /* Resources */ = {
			isa = PBXResourcesBuildPhase;
			buildActionMask = 2147483647;
			files = (
				70E7EE0028718B5900350328 /* LaunchScreen.storyboard in Resources */,
				70E7EDFD28718B5900350328 /* Assets.xcassets in Resources */,
				70E7EE0828718CC300350328 /* Podfile in Resources */,
				70E7EDFB28718B5500350328 /* Main.storyboard in Resources */,
			);
			runOnlyForDeploymentPostprocessing = 0;
		};
/* End PBXResourcesBuildPhase section */

/* Begin PBXShellScriptBuildPhase section */
		171845B7D7FCB1A9F6BEFD59 /* [CP] Embed Pods Frameworks */ = {
			isa = PBXShellScriptBuildPhase;
			buildActionMask = 2147483647;
			files = (
			);
			inputFileListPaths = (
				"${PODS_ROOT}/Target Support Files/Pods-ios-dca-calculator/Pods-ios-dca-calculator-frameworks-${CONFIGURATION}-input-files.xcfilelist",
			);
			name = "[CP] Embed Pods Frameworks";
			outputFileListPaths = (
				"${PODS_ROOT}/Target Support Files/Pods-ios-dca-calculator/Pods-ios-dca-calculator-frameworks-${CONFIGURATION}-output-files.xcfilelist",
			);
			runOnlyForDeploymentPostprocessing = 0;
			shellPath = /bin/sh;
			shellScript = "\"${PODS_ROOT}/Target Support Files/Pods-ios-dca-calculator/Pods-ios-dca-calculator-frameworks.sh\"\n";
			showEnvVarsInLog = 0;
		};
		A0F2D566A59102663BABC85B /* [CP] Check Pods Manifest.lock */ = {
			isa = PBXShellScriptBuildPhase;
			buildActionMask = 2147483647;
			files = (
			);
			inputFileListPaths = (
			);
			inputPaths = (
				"${PODS_PODFILE_DIR_PATH}/Podfile.lock",
				"${PODS_ROOT}/Manifest.lock",
			);
			name = "[CP] Check Pods Manifest.lock";
			outputFileListPaths = (
			);
			outputPaths = (
				"$(DERIVED_FILE_DIR)/Pods-ios-dca-calculator-checkManifestLockResult.txt",
			);
			runOnlyForDeploymentPostprocessing = 0;
			shellPath = /bin/sh;
			shellScript = "diff \"${PODS_PODFILE_DIR_PATH}/Podfile.lock\" \"${PODS_ROOT}/Manifest.lock\" > /dev/null\nif [ $? != 0 ] ; then\n    # print error to STDERR\n    echo \"error: The sandbox is not in sync with the Podfile.lock. Run 'pod install' or update your CocoaPods installation.\" >&2\n    exit 1\nfi\n# This output is used by Xcode 'outputs' to avoid re-running this script phase.\necho \"SUCCESS\" > \"${SCRIPT_OUTPUT_FILE_0}\"\n";
			showEnvVarsInLog = 0;
		};
/* End PBXShellScriptBuildPhase section */

/* Begin PBXSourcesBuildPhase section */
		70E7EDEC28718B5500350328 /* Sources */ = {
			isa = PBXSourcesBuildPhase;
			buildActionMask = 2147483647;
			files = (
				70E7EDF828718B5500350328 /* SearchTableViewController.swift in Sources */,
				705DF84328734CEA000648AC /* APIService.swift in Sources */,
				705DF84528748914000648AC /* SearchPlaceholderView.swift in Sources */,
				709724E728723D1D00388781 /* Key.swift in Sources */,
				70E7EE0C287196ED00350328 /* SearchTableViewCell.swift in Sources */,
				70E7EDF428718B5500350328 /* AppDelegate.swift in Sources */,
				705DF84828748FDC000648AC /* UIAnimatable.swift in Sources */,
				705DF840287349F9000648AC /* SearchResults.swift in Sources */,
				70E7EDF628718B5500350328 /* SceneDelegate.swift in Sources */,
				70AC2C19287736DB00A084EE /* TimeSeriesMonthlyAdjusted.swift in Sources */,
			);
			runOnlyForDeploymentPostprocessing = 0;
		};
/* End PBXSourcesBuildPhase section */

/* Begin PBXVariantGroup section */
		70E7EDF928718B5500350328 /* Main.storyboard */ = {
			isa = PBXVariantGroup;
			children = (
				70E7EDFA28718B5500350328 /* Base */,
			);
			name = Main.storyboard;
			sourceTree = "<group>";
		};
		70E7EDFE28718B5900350328 /* LaunchScreen.storyboard */ = {
			isa = PBXVariantGroup;
			children = (
				70E7EDFF28718B5900350328 /* Base */,
			);
			name = LaunchScreen.storyboard;
			sourceTree = "<group>";
		};
/* End PBXVariantGroup section */

/* Begin XCBuildConfiguration section */
		70E7EE0228718B5900350328 /* Debug */ = {
			isa = XCBuildConfiguration;
			buildSettings = {
				ALWAYS_SEARCH_USER_PATHS = NO;
				CLANG_ANALYZER_NONNULL = YES;
				CLANG_ANALYZER_NUMBER_OBJECT_CONVERSION = YES_AGGRESSIVE;
				CLANG_CXX_LANGUAGE_STANDARD = "gnu++17";
				CLANG_CXX_LIBRARY = "libc++";
				CLANG_ENABLE_MODULES = YES;
				CLANG_ENABLE_OBJC_ARC = YES;
				CLANG_ENABLE_OBJC_WEAK = YES;
				CLANG_WARN_BLOCK_CAPTURE_AUTORELEASING = YES;
				CLANG_WARN_BOOL_CONVERSION = YES;
				CLANG_WARN_COMMA = YES;
				CLANG_WARN_CONSTANT_CONVERSION = YES;
				CLANG_WARN_DEPRECATED_OBJC_IMPLEMENTATIONS = YES;
				CLANG_WARN_DIRECT_OBJC_ISA_USAGE = YES_ERROR;
				CLANG_WARN_DOCUMENTATION_COMMENTS = YES;
				CLANG_WARN_EMPTY_BODY = YES;
				CLANG_WARN_ENUM_CONVERSION = YES;
				CLANG_WARN_INFINITE_RECURSION = YES;
				CLANG_WARN_INT_CONVERSION = YES;
				CLANG_WARN_NON_LITERAL_NULL_CONVERSION = YES;
				CLANG_WARN_OBJC_IMPLICIT_RETAIN_SELF = YES;
				CLANG_WARN_OBJC_LITERAL_CONVERSION = YES;
				CLANG_WARN_OBJC_ROOT_CLASS = YES_ERROR;
				CLANG_WARN_QUOTED_INCLUDE_IN_FRAMEWORK_HEADER = YES;
				CLANG_WARN_RANGE_LOOP_ANALYSIS = YES;
				CLANG_WARN_STRICT_PROTOTYPES = YES;
				CLANG_WARN_SUSPICIOUS_MOVE = YES;
				CLANG_WARN_UNGUARDED_AVAILABILITY = YES_AGGRESSIVE;
				CLANG_WARN_UNREACHABLE_CODE = YES;
				CLANG_WARN__DUPLICATE_METHOD_MATCH = YES;
				COPY_PHASE_STRIP = NO;
				DEBUG_INFORMATION_FORMAT = dwarf;
				ENABLE_STRICT_OBJC_MSGSEND = YES;
				ENABLE_TESTABILITY = YES;
				GCC_C_LANGUAGE_STANDARD = gnu11;
				GCC_DYNAMIC_NO_PIC = NO;
				GCC_NO_COMMON_BLOCKS = YES;
				GCC_OPTIMIZATION_LEVEL = 0;
				GCC_PREPROCESSOR_DEFINITIONS = (
					"DEBUG=1",
					"$(inherited)",
				);
				GCC_WARN_64_TO_32_BIT_CONVERSION = YES;
				GCC_WARN_ABOUT_RETURN_TYPE = YES_ERROR;
				GCC_WARN_UNDECLARED_SELECTOR = YES;
				GCC_WARN_UNINITIALIZED_AUTOS = YES_AGGRESSIVE;
				GCC_WARN_UNUSED_FUNCTION = YES;
				GCC_WARN_UNUSED_VARIABLE = YES;
				IPHONEOS_DEPLOYMENT_TARGET = 15.2;
				MTL_ENABLE_DEBUG_INFO = INCLUDE_SOURCE;
				MTL_FAST_MATH = YES;
				ONLY_ACTIVE_ARCH = YES;
				SDKROOT = iphoneos;
				SWIFT_ACTIVE_COMPILATION_CONDITIONS = DEBUG;
				SWIFT_OPTIMIZATION_LEVEL = "-Onone";
			};
			name = Debug;
		};
		70E7EE0328718B5900350328 /* Release */ = {
			isa = XCBuildConfiguration;
			buildSettings = {
				ALWAYS_SEARCH_USER_PATHS = NO;
				CLANG_ANALYZER_NONNULL = YES;
				CLANG_ANALYZER_NUMBER_OBJECT_CONVERSION = YES_AGGRESSIVE;
				CLANG_CXX_LANGUAGE_STANDARD = "gnu++17";
				CLANG_CXX_LIBRARY = "libc++";
				CLANG_ENABLE_MODULES = YES;
				CLANG_ENABLE_OBJC_ARC = YES;
				CLANG_ENABLE_OBJC_WEAK = YES;
				CLANG_WARN_BLOCK_CAPTURE_AUTORELEASING = YES;
				CLANG_WARN_BOOL_CONVERSION = YES;
				CLANG_WARN_COMMA = YES;
				CLANG_WARN_CONSTANT_CONVERSION = YES;
				CLANG_WARN_DEPRECATED_OBJC_IMPLEMENTATIONS = YES;
				CLANG_WARN_DIRECT_OBJC_ISA_USAGE = YES_ERROR;
				CLANG_WARN_DOCUMENTATION_COMMENTS = YES;
				CLANG_WARN_EMPTY_BODY = YES;
				CLANG_WARN_ENUM_CONVERSION = YES;
				CLANG_WARN_INFINITE_RECURSION = YES;
				CLANG_WARN_INT_CONVERSION = YES;
				CLANG_WARN_NON_LITERAL_NULL_CONVERSION = YES;
				CLANG_WARN_OBJC_IMPLICIT_RETAIN_SELF = YES;
				CLANG_WARN_OBJC_LITERAL_CONVERSION = YES;
				CLANG_WARN_OBJC_ROOT_CLASS = YES_ERROR;
				CLANG_WARN_QUOTED_INCLUDE_IN_FRAMEWORK_HEADER = YES;
				CLANG_WARN_RANGE_LOOP_ANALYSIS = YES;
				CLANG_WARN_STRICT_PROTOTYPES = YES;
				CLANG_WARN_SUSPICIOUS_MOVE = YES;
				CLANG_WARN_UNGUARDED_AVAILABILITY = YES_AGGRESSIVE;
				CLANG_WARN_UNREACHABLE_CODE = YES;
				CLANG_WARN__DUPLICATE_METHOD_MATCH = YES;
				COPY_PHASE_STRIP = NO;
				DEBUG_INFORMATION_FORMAT = "dwarf-with-dsym";
				ENABLE_NS_ASSERTIONS = NO;
				ENABLE_STRICT_OBJC_MSGSEND = YES;
				GCC_C_LANGUAGE_STANDARD = gnu11;
				GCC_NO_COMMON_BLOCKS = YES;
				GCC_WARN_64_TO_32_BIT_CONVERSION = YES;
				GCC_WARN_ABOUT_RETURN_TYPE = YES_ERROR;
				GCC_WARN_UNDECLARED_SELECTOR = YES;
				GCC_WARN_UNINITIALIZED_AUTOS = YES_AGGRESSIVE;
				GCC_WARN_UNUSED_FUNCTION = YES;
				GCC_WARN_UNUSED_VARIABLE = YES;
				IPHONEOS_DEPLOYMENT_TARGET = 15.2;
				MTL_ENABLE_DEBUG_INFO = NO;
				MTL_FAST_MATH = YES;
				SDKROOT = iphoneos;
				SWIFT_COMPILATION_MODE = wholemodule;
				SWIFT_OPTIMIZATION_LEVEL = "-O";
				VALIDATE_PRODUCT = YES;
			};
			name = Release;
		};
		70E7EE0528718B5900350328 /* Debug */ = {
			isa = XCBuildConfiguration;
			baseConfigurationReference = C3ADB2FC4BEC6C92DA70E886 /* Pods-ios-dca-calculator.debug.xcconfig */;
			buildSettings = {
				ASSETCATALOG_COMPILER_APPICON_NAME = AppIcon;
				ASSETCATALOG_COMPILER_GLOBAL_ACCENT_COLOR_NAME = AccentColor;
				CODE_SIGN_STYLE = Automatic;
				CURRENT_PROJECT_VERSION = 1;
				DEVELOPMENT_TEAM = UA5J3LA7RU;
				GENERATE_INFOPLIST_FILE = YES;
				INFOPLIST_FILE = "ios-dca-calculator/Info.plist";
				INFOPLIST_KEY_UIApplicationSupportsIndirectInputEvents = YES;
				INFOPLIST_KEY_UILaunchStoryboardName = LaunchScreen;
				INFOPLIST_KEY_UIMainStoryboardFile = Main;
				INFOPLIST_KEY_UISupportedInterfaceOrientations_iPad = "UIInterfaceOrientationPortrait UIInterfaceOrientationPortraitUpsideDown UIInterfaceOrientationLandscapeLeft UIInterfaceOrientationLandscapeRight";
				INFOPLIST_KEY_UISupportedInterfaceOrientations_iPhone = "UIInterfaceOrientationPortrait UIInterfaceOrientationLandscapeLeft UIInterfaceOrientationLandscapeRight";
				LD_RUNPATH_SEARCH_PATHS = (
					"$(inherited)",
					"@executable_path/Frameworks",
				);
				MARKETING_VERSION = 1.0;
				PRODUCT_BUNDLE_IDENTIFIER = "com.ibrahimuysal.ios-dca-calculator";
				PRODUCT_NAME = "$(TARGET_NAME)";
				SWIFT_EMIT_LOC_STRINGS = YES;
				SWIFT_VERSION = 5.0;
				TARGETED_DEVICE_FAMILY = "1,2";
			};
			name = Debug;
		};
		70E7EE0628718B5900350328 /* Release */ = {
			isa = XCBuildConfiguration;
			baseConfigurationReference = B0175899878C23618412C613 /* Pods-ios-dca-calculator.release.xcconfig */;
			buildSettings = {
				ASSETCATALOG_COMPILER_APPICON_NAME = AppIcon;
				ASSETCATALOG_COMPILER_GLOBAL_ACCENT_COLOR_NAME = AccentColor;
				CODE_SIGN_STYLE = Automatic;
				CURRENT_PROJECT_VERSION = 1;
				DEVELOPMENT_TEAM = UA5J3LA7RU;
				GENERATE_INFOPLIST_FILE = YES;
				INFOPLIST_FILE = "ios-dca-calculator/Info.plist";
				INFOPLIST_KEY_UIApplicationSupportsIndirectInputEvents = YES;
				INFOPLIST_KEY_UILaunchStoryboardName = LaunchScreen;
				INFOPLIST_KEY_UIMainStoryboardFile = Main;
				INFOPLIST_KEY_UISupportedInterfaceOrientations_iPad = "UIInterfaceOrientationPortrait UIInterfaceOrientationPortraitUpsideDown UIInterfaceOrientationLandscapeLeft UIInterfaceOrientationLandscapeRight";
				INFOPLIST_KEY_UISupportedInterfaceOrientations_iPhone = "UIInterfaceOrientationPortrait UIInterfaceOrientationLandscapeLeft UIInterfaceOrientationLandscapeRight";
				LD_RUNPATH_SEARCH_PATHS = (
					"$(inherited)",
					"@executable_path/Frameworks",
				);
				MARKETING_VERSION = 1.0;
				PRODUCT_BUNDLE_IDENTIFIER = "com.ibrahimuysal.ios-dca-calculator";
				PRODUCT_NAME = "$(TARGET_NAME)";
				SWIFT_EMIT_LOC_STRINGS = YES;
				SWIFT_VERSION = 5.0;
				TARGETED_DEVICE_FAMILY = "1,2";
			};
			name = Release;
		};
/* End XCBuildConfiguration section */

/* Begin XCConfigurationList section */
		70E7EDEB28718B5500350328 /* Build configuration list for PBXProject "ios-dca-calculator" */ = {
			isa = XCConfigurationList;
			buildConfigurations = (
				70E7EE0228718B5900350328 /* Debug */,
				70E7EE0328718B5900350328 /* Release */,
			);
			defaultConfigurationIsVisible = 0;
			defaultConfigurationName = Release;
		};
		70E7EE0428718B5900350328 /* Build configuration list for PBXNativeTarget "ios-dca-calculator" */ = {
			isa = XCConfigurationList;
			buildConfigurations = (
				70E7EE0528718B5900350328 /* Debug */,
				70E7EE0628718B5900350328 /* Release */,
			);
			defaultConfigurationIsVisible = 0;
			defaultConfigurationName = Release;
		};
/* End XCConfigurationList section */
	};
	rootObject = 70E7EDE828718B5500350328 /* Project object */;
}
